Microsoft Visual Studio Solution File, Format Version 12.00
# Visual Studio Version 17
VisualStudioVersion = 17.5.2.0
MinimumVisualStudioVersion = 10.0.40219.1
Project("{2150E333-8FDC-42A3-9474-1A3956D46DE8}") = "missions", "missions", "{92AF1EC1-5CAB-0AC2-3C2E-41A379848883}"
EndProject
Project("{2150E333-8FDC-42A3-9474-1A3956D46DE8}") = "mission4", "mission4", "{D1CEDAD2-C949-6C21-3B9C-DA087C9CC9E4}"
EndProject
Project("{2150E333-8FDC-42A3-9474-1A3956D46DE8}") = "dotnet", "dotnet", "{13ECA77E-5341-E3B0-06AD-3AA6A4A26750}"
EndProject
Project("{FAE04EC0-301F-11D3-BF4B-00C04F79EFBC}") = "SqlAiApp", "missions\mission4\dotnet\SqlAiApp.csproj", "{FBCE38BE-B3CA-DD3C-09CB-1918A326243D}"
EndProject
Global
	GlobalSection(SolutionConfigurationPlatforms) = preSolution
		Debug|Any CPU = Debug|Any CPU
		Release|Any CPU = Release|Any CPU
	EndGlobalSection
	GlobalSection(ProjectConfigurationPlatforms) = postSolution
		{FBCE38BE-B3CA-DD3C-09CB-1918A326243D}.Debug|Any CPU.ActiveCfg = Debug|Any CPU
		{FBCE38BE-B3CA-DD3C-09CB-1918A326243D}.Debug|Any CPU.Build.0 = Debug|Any CPU
		{FBCE38BE-B3CA-DD3C-09CB-1918A326243D}.Release|Any CPU.ActiveCfg = Release|Any CPU
		{FBCE38BE-B3CA-DD3C-09CB-1918A326243D}.Release|Any CPU.Build.0 = Release|Any CPU
	EndGlobalSection
	GlobalSection(SolutionProperties) = preSolution
		HideSolutionNode = FALSE
	EndGlobalSection
	GlobalSection(NestedProjects) = preSolution
		{D1CEDAD2-C949-6C21-3B9C-DA087C9CC9E4} = {92AF1EC1-5CAB-0AC2-3C2E-41A379848883}
		{13ECA77E-5341-E3B0-06AD-3AA6A4A26750} = {D1CEDAD2-C949-6C21-3B9C-DA087C9CC9E4}
		{FBCE38BE-B3CA-DD3C-09CB-1918A326243D} = {13ECA77E-5341-E3B0-06AD-3AA6A4A26750}
	EndGlobalSection
	GlobalSection(ExtensibilityGlobals) = postSolution
		SolutionGuid = {BEC84801-14BB-455D-A333-F968ED6ACE2A}
	EndGlobalSection
EndGlobal
